{
  "name": "nysds-vanilla",
  "lockfileVersion": 3,
  "requires": true,
  "packages": {
    "": {
      "dependencies": {
        "@nysds/components": "^1.11.0",
        "@nysds/styles": "^1.11.0"
      }
    },
    "node_modules/@nysds/components": {
      "version": "1.11.0",
      "resolved": "https://registry.npmjs.org/@nysds/components/-/components-1.11.0.tgz",
      "integrity": "sha512-ueaxZV22zwyngo01gCxcxyGsiIVFYRnQvRTNE4pBfOfGnbYHZwS2LKFxc9+psJVopqNmbbefqyC1bNFDfsTjpw==",
      "license": "MIT",
      "workspaces": [
        "packages/*"
      ]
    },
    "node_modules/@nysds/styles": {
      "version": "1.11.0",
      "resolved": "https://registry.npmjs.org/@nysds/styles/-/styles-1.11.0.tgz",
      "integrity": "sha512-rKlF7ZnK/saDLuLFrnp8p332WXRDAJVvmHlWuQI+XYy0cdDod9yvJ5xUESZgOKvVl+zeRFfMAKSTXpfo5CWGLg==",
      "license": "MIT"
    }
  }
}
