{
  "name": "nysds-vanilla",
  "lockfileVersion": 3,
  "requires": true,
  "packages": {
    "": {
      "dependencies": {
        "@nysds/components": "^1.11.1",
        "@nysds/styles": "^1.11.1"
      }
    },
    "node_modules/@nysds/components": {
      "version": "1.11.1",
      "resolved": "https://registry.npmjs.org/@nysds/components/-/components-1.11.1.tgz",
      "integrity": "sha512-aBG0BOG/3jsMmTtLNp/+GUniQGIB84bg3JOW7Af9avm7fhCiq2YIuNXjBJhso23u2md6pd8Fk7c6MbXkTI1mgQ==",
      "license": "MIT",
      "workspaces": [
        "packages/*"
      ]
    },
    "node_modules/@nysds/styles": {
      "version": "1.11.1",
      "resolved": "https://registry.npmjs.org/@nysds/styles/-/styles-1.11.1.tgz",
      "integrity": "sha512-R0Ldto2y0a/lwCn487IgJA/A9lg/Mcfyjn4HUBAFsqS96tgCfACS6muzFotNm+FzYAkH19w6YZbSrZUUpaww+g==",
      "license": "MIT"
    }
  }
}
