{
  "name": "nysds-vanilla",
  "lockfileVersion": 3,
  "requires": true,
  "packages": {
    "": {
      "dependencies": {
        "@nysds/components": "^1.11.3",
        "@nysds/styles": "^1.11.2"
      }
    },
    "node_modules/@nysds/components": {
      "version": "1.11.3",
      "resolved": "https://registry.npmjs.org/@nysds/components/-/components-1.11.3.tgz",
      "integrity": "sha512-OWiidq7pevfImEH+rI0bTkfu7fNpcVk6WjYfaJMit4tNh0GWrlfovL8cYhaYRuYjGayJV2OW1VNOjaOQt9BUYA==",
      "license": "MIT",
      "workspaces": [
        "packages/*"
      ]
    },
    "node_modules/@nysds/styles": {
      "version": "1.11.2",
      "resolved": "https://registry.npmjs.org/@nysds/styles/-/styles-1.11.2.tgz",
      "integrity": "sha512-Fa+JLmkJcBxSMbBxkgjqcSlaHgsuqY8pGwDJADZ85op53GTpiiSuecPpMAUH/C0hyw8LFRsgeeTvtqF5qX/TFg==",
      "license": "MIT"
    }
  }
}
